
Microsoft Visual Studio Solution File, Format Version 12.00
# Visual Studio Version 16
VisualStudioVersion = 16.0.29411.108
MinimumVisualStudioVersion = 10.0.40219.1
Project("{9A19103F-16F7-4668-BE54-9A1E7A4F7556}") = "GrpcServer", "GrpcServer\GrpcServer.csproj", "{A6C5ACE8-94DA-42A1-904C-1E652F3E33A4}"
EndProject
Project("{FAE04EC0-301F-11D3-BF4B-00C04F79EFBC}") = "GrpcClient", "GrpcClient\GrpcClient.csproj", "{ABC3F2E4-AFBC-4685-9504-661A81FD45B9}"
EndProject
Global
	GlobalSection(SolutionConfigurationPlatforms) = preSolution
		Debug|Any CPU = Debug|Any CPU
		Release|Any CPU = Release|Any CPU
	EndGlobalSection
	GlobalSection(ProjectConfigurationPlatforms) = postSolution
		{A6C5ACE8-94DA-42A1-904C-1E652F3E33A4}.Debug|Any CPU.ActiveCfg = Debug|Any CPU
		{A6C5ACE8-94DA-42A1-904C-1E652F3E33A4}.Debug|Any CPU.Build.0 = Debug|Any CPU
		{A6C5ACE8-94DA-42A1-904C-1E652F3E33A4}.Release|Any CPU.ActiveCfg = Release|Any CPU
		{A6C5ACE8-94DA-42A1-904C-1E652F3E33A4}.Release|Any CPU.Build.0 = Release|Any CPU
		{ABC3F2E4-AFBC-4685-9504-661A81FD45B9}.Debug|Any CPU.ActiveCfg = Debug|Any CPU
		{ABC3F2E4-AFBC-4685-9504-661A81FD45B9}.Debug|Any CPU.Build.0 = Debug|Any CPU
		{ABC3F2E4-AFBC-4685-9504-661A81FD45B9}.Release|Any CPU.ActiveCfg = Release|Any CPU
		{ABC3F2E4-AFBC-4685-9504-661A81FD45B9}.Release|Any CPU.Build.0 = Release|Any CPU
	EndGlobalSection
	GlobalSection(SolutionProperties) = preSolution
		HideSolutionNode = FALSE
	EndGlobalSection
	GlobalSection(ExtensibilityGlobals) = postSolution
		SolutionGuid = {89048FA5-BEF8-4586-85F9-56A143EADF61}
	EndGlobalSection
EndGlobal
